// !$*UTF8*$!
{
	archiveVersion = 1;
	classes = {
	};
	objectVersion = 46;
	objects = {

/* Begin PBXBuildFile section */
		22A36F681A5B636C0016444C /* AppDelegate.swift in Sources */ = {isa = PBXBuildFile; fileRef = 22A36F671A5B636C0016444C /* AppDelegate.swift */; };
		22A36F6A1A5B636C0016444C /* ViewController.swift in Sources */ = {isa = PBXBuildFile; fileRef = 22A36F691A5B636C0016444C /* ViewController.swift */; };
		22A36F6D1A5B636C0016444C /* Main.storyboard in Resources */ = {isa = PBXBuildFile; fileRef = 22A36F6B1A5B636C0016444C /* Main.storyboard */; };
		22A36F6F1A5B636C0016444C /* Images.xcassets in Resources */ = {isa = PBXBuildFile; fileRef = 22A36F6E1A5B636C0016444C /* Images.xcassets */; };
		22A36F721A5B636C0016444C /* LaunchScreen.xib in Resources */ = {isa = PBXBuildFile; fileRef = 22A36F701A5B636C0016444C /* LaunchScreen.xib */; };
		22A36F7E1A5B636C0016444C /* Class_4Tests.swift in Sources */ = {isa = PBXBuildFile; fileRef = 22A36F7D1A5B636C0016444C /* Class_4Tests.swift */; };
/* End PBXBuildFile section */

/* Begin PBXContainerItemProxy section */
		22A36F781A5B636C0016444C /* PBXContainerItemProxy */ = {
			isa = PBXContainerItemProxy;
			containerPortal = 22A36F5A1A5B636C0016444C /* Project object */;
			proxyType = 1;
			remoteGlobalIDString = 22A36F611A5B636C0016444C;
			remoteInfo = "Class 4";
		};
/* End PBXContainerItemProxy section */

/* Begin PBXFileReference section */
		22A36F621A5B636C0016444C /* Class 4.app */ = {isa = PBXFileReference; explicitFileType = wrapper.application; includeInIndex = 0; path = "Class 4.app"; sourceTree = BUILT_PRODUCTS_DIR; };
		22A36F661A5B636C0016444C /* Info.plist */ = {isa = PBXFileReference; lastKnownFileType = text.plist.xml; path = Info.plist; sourceTree = "<group>"; };
		22A36F671A5B636C0016444C /* AppDelegate.swift */ = {isa = PBXFileReference; lastKnownFileType = sourcecode.swift; path = AppDelegate.swift; sourceTree = "<group>"; };
		22A36F691A5B636C0016444C /* ViewController.swift */ = {isa = PBXFileReference; lastKnownFileType = sourcecode.swift; path = ViewController.swift; sourceTree = "<group>"; };
		22A36F6C1A5B636C0016444C /* Base */ = {isa = PBXFileReference; lastKnownFileType = file.storyboard; name = Base; path = Base.lproj/Main.storyboard; sourceTree = "<group>"; };
		22A36F6E1A5B636C0016444C /* Images.xcassets */ = {isa = PBXFileReference; lastKnownFileType = folder.assetcatalog; path = Images.xcassets; sourceTree = "<group>"; };
		22A36F711A5B636C0016444C /* Base */ = {isa = PBXFileReference; lastKnownFileType = file.xib; name = Base; path = Base.lproj/LaunchScreen.xib; sourceTree = "<group>"; };
		22A36F771A5B636C0016444C /* Class 4Tests.xctest */ = {isa = PBXFileReference; explicitFileType = wrapper.cfbundle; includeInIndex = 0; path = "Class 4Tests.xctest"; sourceTree = BUILT_PRODUCTS_DIR; };
		22A36F7C1A5B636C0016444C /* Info.plist */ = {isa = PBXFileReference; lastKnownFileType = text.plist.xml; path = Info.plist; sourceTree = "<group>"; };
		22A36F7D1A5B636C0016444C /* Class_4Tests.swift */ = {isa = PBXFileReference; lastKnownFileType = sourcecode.swift; path = Class_4Tests.swift; sourceTree = "<group>"; };
		22A36F871A5B63C30016444C /* introtoswift.playground */ = {isa = PBXFileReference; lastKnownFileType = file.playground; name = introtoswift.playground; path = ../introtoswift.playground; sourceTree = "<group>"; };
/* End PBXFileReference section */

/* Begin PBXFrameworksBuildPhase section */
		22A36F5F1A5B636C0016444C /* Frameworks */ = {
			isa = PBXFrameworksBuildPhase;
			buildActionMask = 2147483647;
			files = (
			);
			runOnlyForDeploymentPostprocessing = 0;
		};
		22A36F741A5B636C0016444C /* Frameworks */ = {
			isa = PBXFrameworksBuildPhase;
			buildActionMask = 2147483647;
			files = (
			);
			runOnlyForDeploymentPostprocessing = 0;
		};
/* End PBXFrameworksBuildPhase section */

/* Begin PBXGroup section */
		22A36F591A5B636C0016444C = {
			isa = PBXGroup;
			children = (
				22A36F641A5B636C0016444C /* Class 4 */,
				22A36F7A1A5B636C0016444C /* Class 4Tests */,
				22A36F631A5B636C0016444C /* Products */,
			);
			sourceTree = "<group>";
		};
		22A36F631A5B636C0016444C /* Products */ = {
			isa = PBXGroup;
			children = (
				22A36F621A5B636C0016444C /* Class 4.app */,
				22A36F771A5B636C0016444C /* Class 4Tests.xctest */,
			);
			name = Products;
			sourceTree = "<group>";
		};
		22A36F641A5B636C0016444C /* Class 4 */ = {
			isa = PBXGroup;
			children = (
				22A36F671A5B636C0016444C /* AppDelegate.swift */,
				22A36F691A5B636C0016444C /* ViewController.swift */,
				22A36F6B1A5B636C0016444C /* Main.storyboard */,
				22A36F6E1A5B636C0016444C /* Images.xcassets */,
				22A36F701A5B636C0016444C /* LaunchScreen.xib */,
				22A36F871A5B63C30016444C /* introtoswift.playground */,
				22A36F651A5B636C0016444C /* Supporting Files */,
			);
			path = "Class 4";
			sourceTree = "<group>";
		};
		22A36F651A5B636C0016444C /* Supporting Files */ = {
			isa = PBXGroup;
			children = (
				22A36F661A5B636C0016444C /* Info.plist */,
			);
			name = "Supporting Files";
			sourceTree = "<group>";
		};
		22A36F7A1A5B636C0016444C /* Class 4Tests */ = {
			isa = PBXGroup;
			children = (
				22A36F7D1A5B636C0016444C /* Class_4Tests.swift */,
				22A36F7B1A5B636C0016444C /* Supporting Files */,
			);
			path = "Class 4Tests";
			sourceTree = "<group>";
		};
		22A36F7B1A5B636C0016444C /* Supporting Files */ = {
			isa = PBXGroup;
			children = (
				22A36F7C1A5B636C0016444C /* Info.plist */,
			);
			name = "Supporting Files";
			sourceTree = "<group>";
		};
/* End PBXGroup section */

/* Begin PBXNativeTarget section */
		22A36F611A5B636C0016444C /* Class 4 */ = {
			isa = PBXNativeTarget;
			buildConfigurationList = 22A36F811A5B636C0016444C /* Build configuration list for PBXNativeTarget "Class 4" */;
			buildPhases = (
				22A36F5E1A5B636C0016444C /* Sources */,
				22A36F5F1A5B636C0016444C /* Frameworks */,
				22A36F601A5B636C0016444C /* Resources */,
			);
			buildRules = (
			);
			dependencies = (
			);
			name = "Class 4";
			productName = "Class 4";
			productReference = 22A36F621A5B636C0016444C /* Class 4.app */;
			productType = "com.apple.product-type.application";
		};
		22A36F761A5B636C0016444C /* Class 4Tests */ = {
			isa = PBXNativeTarget;
			buildConfigurationList = 22A36F841A5B636C0016444C /* Build configuration list for PBXNativeTarget "Class 4Tests" */;
			buildPhases = (
				22A36F731A5B636C0016444C /* Sources */,
				22A36F741A5B636C0016444C /* Frameworks */,
				22A36F751A5B636C0016444C /* Resources */,
			);
			buildRules = (
			);
			dependencies = (
				22A36F791A5B636C0016444C /* PBXTargetDependency */,
			);
			name = "Class 4Tests";
			productName = "Class 4Tests";
			productReference = 22A36F771A5B636C0016444C /* Class 4Tests.xctest */;
			productType = "com.apple.product-type.bundle.unit-test";
		};
/* End PBXNativeTarget section */

/* Begin PBXProject section */
		22A36F5A1A5B636C0016444C /* Project object */ = {
			isa = PBXProject;
			attributes = {
				LastUpgradeCheck = 0610;
				ORGANIZATIONNAME = "Liliya Gateva";
				TargetAttributes = {
					22A36F611A5B636C0016444C = {
						CreatedOnToolsVersion = 6.1.1;
					};
					22A36F761A5B636C0016444C = {
						CreatedOnToolsVersion = 6.1.1;
						TestTargetID = 22A36F611A5B636C0016444C;
					};
				};
			};
			buildConfigurationList = 22A36F5D1A5B636C0016444C /* Build configuration list for PBXProject "Class 4" */;
			compatibilityVersion = "Xcode 3.2";
			developmentRegion = English;
			hasScannedForEncodings = 0;
			knownRegions = (
				en,
				Base,
			);
			mainGroup = 22A36F591A5B636C0016444C;
			productRefGroup = 22A36F631A5B636C0016444C /* Products */;
			projectDirPath = "";
			projectRoot = "";
			targets = (
				22A36F611A5B636C0016444C /* Class 4 */,
				22A36F761A5B636C0016444C /* Class 4Tests */,
			);
		};
/* End PBXProject section */

/* Begin PBXResourcesBuildPhase section */
		22A36F601A5B636C0016444C /* Resources */ = {
			isa = PBXResourcesBuildPhase;
			buildActionMask = 2147483647;
			files = (
				22A36F6D1A5B636C0016444C /* Main.storyboard in Resources */,
				22A36F721A5B636C0016444C /* LaunchScreen.xib in Resources */,
				22A36F6F1A5B636C0016444C /* Images.xcassets in Resources */,
			);
			runOnlyForDeploymentPostprocessing = 0;
		};
		22A36F751A5B636C0016444C /* Resources */ = {
			isa = PBXResourcesBuildPhase;
			buildActionMask = 2147483647;
			files = (
			);
			runOnlyForDeploymentPostprocessing = 0;
		};
/* End PBXResourcesBuildPhase section */

/* Begin PBXSourcesBuildPhase section */
		22A36F5E1A5B636C0016444C /* Sources */ = {
			isa = PBXSourcesBuildPhase;
			buildActionMask = 2147483647;
			files = (
				22A36F6A1A5B636C0016444C /* ViewController.swift in Sources */,
				22A36F681A5B636C0016444C /* AppDelegate.swift in Sources */,
			);
			runOnlyForDeploymentPostprocessing = 0;
		};
		22A36F731A5B636C0016444C /* Sources */ = {
			isa = PBXSourcesBuildPhase;
			buildActionMask = 2147483647;
			files = (
				22A36F7E1A5B636C0016444C /* Class_4Tests.swift in Sources */,
			);
			runOnlyForDeploymentPostprocessing = 0;
		};
/* End PBXSourcesBuildPhase section */

/* Begin PBXTargetDependency section */
		22A36F791A5B636C0016444C /* PBXTargetDependency */ = {
			isa = PBXTargetDependency;
			target = 22A36F611A5B636C0016444C /* Class 4 */;
			targetProxy = 22A36F781A5B636C0016444C /* PBXContainerItemProxy */;
		};
/* End PBXTargetDependency section */

/* Begin PBXVariantGroup section */
		22A36F6B1A5B636C0016444C /* Main.storyboard */ = {
			isa = PBXVariantGroup;
			children = (
				22A36F6C1A5B636C0016444C /* Base */,
			);
			name = Main.storyboard;
			sourceTree = "<group>";
		};
		22A36F701A5B636C0016444C /* LaunchScreen.xib */ = {
			isa = PBXVariantGroup;
			children = (
				22A36F711A5B636C0016444C /* Base */,
			);
			name = LaunchScreen.xib;
			sourceTree = "<group>";
		};
/* End PBXVariantGroup section */

/* Begin XCBuildConfiguration section */
		22A36F7F1A5B636C0016444C /* Debug */ = {
			isa = XCBuildConfiguration;
			buildSettings = {
				ALWAYS_SEARCH_USER_PATHS = NO;
				CLANG_CXX_LANGUAGE_STANDARD = "gnu++0x";
				CLANG_CXX_LIBRARY = "libc++";
				CLANG_ENABLE_MODULES = YES;
				CLANG_ENABLE_OBJC_ARC = YES;
				CLANG_WARN_BOOL_CONVERSION = YES;
				CLANG_WARN_CONSTANT_CONVERSION = YES;
				CLANG_WARN_DIRECT_OBJC_ISA_USAGE = YES_ERROR;
				CLANG_WARN_EMPTY_BODY = YES;
				CLANG_WARN_ENUM_CONVERSION = YES;
				CLANG_WARN_INT_CONVERSION = YES;
				CLANG_WARN_OBJC_ROOT_CLASS = YES_ERROR;
				CLANG_WARN_UNREACHABLE_CODE = YES;
				CLANG_WARN__DUPLICATE_METHOD_MATCH = YES;
				"CODE_SIGN_IDENTITY[sdk=iphoneos*]" = "iPhone Developer";
				COPY_PHASE_STRIP = NO;
				ENABLE_STRICT_OBJC_MSGSEND = YES;
				GCC_C_LANGUAGE_STANDARD = gnu99;
				GCC_DYNAMIC_NO_PIC = NO;
				GCC_OPTIMIZATION_LEVEL = 0;
				GCC_PREPROCESSOR_DEFINITIONS = (
					"DEBUG=1",
					"$(inherited)",
				);
				GCC_SYMBOLS_PRIVATE_EXTERN = NO;
				GCC_WARN_64_TO_32_BIT_CONVERSION = YES;
				GCC_WARN_ABOUT_RETURN_TYPE = YES_ERROR;
				GCC_WARN_UNDECLARED_SELECTOR = YES;
				GCC_WARN_UNINITIALIZED_AUTOS = YES_AGGRESSIVE;
				GCC_WARN_UNUSED_FUNCTION = YES;
				GCC_WARN_UNUSED_VARIABLE = YES;
				IPHONEOS_DEPLOYMENT_TARGET = 8.1;
				MTL_ENABLE_DEBUG_INFO = YES;
				ONLY_ACTIVE_ARCH = YES;
				SDKROOT = iphoneos;
				SWIFT_OPTIMIZATION_LEVEL = "-Onone";
			};
			name = Debug;
		};
		22A36F801A5B636C0016444C /* Release */ = {
			isa = XCBuildConfiguration;
			buildSettings = {
				ALWAYS_SEARCH_USER_PATHS = NO;
				CLANG_CXX_LANGUAGE_STANDARD = "gnu++0x";
				CLANG_CXX_LIBRARY = "libc++";
				CLANG_ENABLE_MODULES = YES;
				CLANG_ENABLE_OBJC_ARC = YES;
				CLANG_WARN_BOOL_CONVERSION = YES;
				CLANG_WARN_CONSTANT_CONVERSION = YES;
				CLANG_WARN_DIRECT_OBJC_ISA_USAGE = YES_ERROR;
				CLANG_WARN_EMPTY_BODY = YES;
				CLANG_WARN_ENUM_CONVERSION = YES;
				CLANG_WARN_INT_CONVERSION = YES;
				CLANG_WARN_OBJC_ROOT_CLASS = YES_ERROR;
				CLANG_WARN_UNREACHABLE_CODE = YES;
				CLANG_WARN__DUPLICATE_METHOD_MATCH = YES;
				"CODE_SIGN_IDENTITY[sdk=iphoneos*]" = "iPhone Developer";
				COPY_PHASE_STRIP = YES;
				ENABLE_NS_ASSERTIONS = NO;
				ENABLE_STRICT_OBJC_MSGSEND = YES;
				GCC_C_LANGUAGE_STANDARD = gnu99;
				GCC_WARN_64_TO_32_BIT_CONVERSION = YES;
				GCC_WARN_ABOUT_RETURN_TYPE = YES_ERROR;
				GCC_WARN_UNDECLARED_SELECTOR = YES;
				GCC_WARN_UNINITIALIZED_AUTOS = YES_AGGRESSIVE;
				GCC_WARN_UNUSED_FUNCTION = YES;
				GCC_WARN_UNUSED_VARIABLE = YES;
				IPHONEOS_DEPLOYMENT_TARGET = 8.1;
				MTL_ENABLE_DEBUG_INFO = NO;
				SDKROOT = iphoneos;
				VALIDATE_PRODUCT = YES;
			};
			name = Release;
		};
		22A36F821A5B636C0016444C /* Debug */ = {
			isa = XCBuildConfiguration;
			buildSettings = {
				ASSETCATALOG_COMPILER_APPICON_NAME = AppIcon;
				INFOPLIST_FILE = "Class 4/Info.plist";
				LD_RUNPATH_SEARCH_PATHS = "$(inherited) @executable_path/Frameworks";
				PRODUCT_NAME = "$(TARGET_NAME)";
			};
			name = Debug;
		};
		22A36F831A5B636C0016444C /* Release */ = {
			isa = XCBuildConfiguration;
			buildSettings = {
				ASSETCATALOG_COMPILER_APPICON_NAME = AppIcon;
				INFOPLIST_FILE = "Class 4/Info.plist";
				LD_RUNPATH_SEARCH_PATHS = "$(inherited) @executable_path/Frameworks";
				PRODUCT_NAME = "$(TARGET_NAME)";
			};
			name = Release;
		};
		22A36F851A5B636C0016444C /* Debug */ = {
			isa = XCBuildConfiguration;
			buildSettings = {
				BUNDLE_LOADER = "$(TEST_HOST)";
				FRAMEWORK_SEARCH_PATHS = (
					"$(SDKROOT)/Developer/Library/Frameworks",
					"$(inherited)",
				);
				GCC_PREPROCESSOR_DEFINITIONS = (
					"DEBUG=1",
					"$(inherited)",
				);
				INFOPLIST_FILE = "Class 4Tests/Info.plist";
				LD_RUNPATH_SEARCH_PATHS = "$(inherited) @executable_path/Frameworks @loader_path/Frameworks";
				PRODUCT_NAME = "$(TARGET_NAME)";
				TEST_HOST = "$(BUILT_PRODUCTS_DIR)/Class 4.app/Class 4";
			};
			name = Debug;
		};
		22A36F861A5B636C0016444C /* Release */ = {
			isa = XCBuildConfiguration;
			buildSettings = {
				BUNDLE_LOADER = "$(TEST_HOST)";
				FRAMEWORK_SEARCH_PATHS = (
					"$(SDKROOT)/Developer/Library/Frameworks",
					"$(inherited)",
				);
				INFOPLIST_FILE = "Class 4Tests/Info.plist";
				LD_RUNPATH_SEARCH_PATHS = "$(inherited) @executable_path/Frameworks @loader_path/Frameworks";
				PRODUCT_NAME = "$(TARGET_NAME)";
				TEST_HOST = "$(BUILT_PRODUCTS_DIR)/Class 4.app/Class 4";
			};
			name = Release;
		};
/* End XCBuildConfiguration section */

/* Begin XCConfigurationList section */
		22A36F5D1A5B636C0016444C /* Build configuration list for PBXProject "Class 4" */ = {
			isa = XCConfigurationList;
			buildConfigurations = (
				22A36F7F1A5B636C0016444C /* Debug */,
				22A36F801A5B636C0016444C /* Release */,
			);
			defaultConfigurationIsVisible = 0;
			defaultConfigurationName = Release;
		};
		22A36F811A5B636C0016444C /* Build configuration list for PBXNativeTarget "Class 4" */ = {
			isa = XCConfigurationList;
			buildConfigurations = (
				22A36F821A5B636C0016444C /* Debug */,
				22A36F831A5B636C0016444C /* Release */,
			);
			defaultConfigurationIsVisible = 0;
		};
		22A36F841A5B636C0016444C /* Build configuration list for PBXNativeTarget "Class 4Tests" */ = {
			isa = XCConfigurationList;
			buildConfigurations = (
				22A36F851A5B636C0016444C /* Debug */,
				22A36F861A5B636C0016444C /* Release */,
			);
			defaultConfigurationIsVisible = 0;
		};
/* End XCConfigurationList section */
	};
	rootObject = 22A36F5A1A5B636C0016444C /* Project object */;
}
